
Microsoft Visual Studio Solution File, Format Version 12.00
# Visual Studio 15
VisualStudioVersion = 15.0.27703.2042
MinimumVisualStudioVersion = 10.0.40219.1
Project("{2150E333-8FDC-42A3-9474-1A3956D46DE8}") = "Test", "Test", "{7895E7EA-D420-48BA-AE91-5C670B020A13}"
EndProject
Project("{9A19103F-16F7-4668-BE54-9A1E7A4F7556}") = "AiWand.Test", "Test\AiWand.Test\AiWand.Test.csproj", "{B73812DB-72F9-4CF7-8E2A-F5F2E9791C55}"
EndProject
Project("{2150E333-8FDC-42A3-9474-1A3956D46DE8}") = "src", "src", "{B718A395-32DE-40CD-8956-424CABB398DC}"
EndProject
Project("{9A19103F-16F7-4668-BE54-9A1E7A4F7556}") = "AiWand.Core", "AiWand.Core\AiWand.Core.csproj", "{A48BF117-072E-4CAE-8406-59AA7BE7828D}"
EndProject
Project("{9A19103F-16F7-4668-BE54-9A1E7A4F7556}") = "AiWand.Data", "AiWand.Data\AiWand.Data.csproj", "{6AFBBA8F-8B1A-41B0-A81F-9275F297A369}"
EndProject
Project("{9A19103F-16F7-4668-BE54-9A1E7A4F7556}") = "AiWand.Service", "AiWand.Service\AiWand.Service.csproj", "{382E2417-3A34-44E2-9C9F-73B8C9A4038D}"
EndProject
Project("{FAE04EC0-301F-11D3-BF4B-00C04F79EFBC}") = "AiWand.Api", "AiWand.Api\AiWand.Api.csproj", "{04491643-2260-42D3-B69A-6F09964DCFC4}"
EndProject
Global
	GlobalSection(SolutionConfigurationPlatforms) = preSolution
		Debug|Any CPU = Debug|Any CPU
		Release|Any CPU = Release|Any CPU
	EndGlobalSection
	GlobalSection(ProjectConfigurationPlatforms) = postSolution
		{B73812DB-72F9-4CF7-8E2A-F5F2E9791C55}.Debug|Any CPU.ActiveCfg = Debug|Any CPU
		{B73812DB-72F9-4CF7-8E2A-F5F2E9791C55}.Debug|Any CPU.Build.0 = Debug|Any CPU
		{B73812DB-72F9-4CF7-8E2A-F5F2E9791C55}.Release|Any CPU.ActiveCfg = Release|Any CPU
		{B73812DB-72F9-4CF7-8E2A-F5F2E9791C55}.Release|Any CPU.Build.0 = Release|Any CPU
		{A48BF117-072E-4CAE-8406-59AA7BE7828D}.Debug|Any CPU.ActiveCfg = Debug|Any CPU
		{A48BF117-072E-4CAE-8406-59AA7BE7828D}.Debug|Any CPU.Build.0 = Debug|Any CPU
		{A48BF117-072E-4CAE-8406-59AA7BE7828D}.Release|Any CPU.ActiveCfg = Release|Any CPU
		{A48BF117-072E-4CAE-8406-59AA7BE7828D}.Release|Any CPU.Build.0 = Release|Any CPU
		{6AFBBA8F-8B1A-41B0-A81F-9275F297A369}.Debug|Any CPU.ActiveCfg = Debug|Any CPU
		{6AFBBA8F-8B1A-41B0-A81F-9275F297A369}.Debug|Any CPU.Build.0 = Debug|Any CPU
		{6AFBBA8F-8B1A-41B0-A81F-9275F297A369}.Release|Any CPU.ActiveCfg = Release|Any CPU
		{6AFBBA8F-8B1A-41B0-A81F-9275F297A369}.Release|Any CPU.Build.0 = Release|Any CPU
		{382E2417-3A34-44E2-9C9F-73B8C9A4038D}.Debug|Any CPU.ActiveCfg = Debug|Any CPU
		{382E2417-3A34-44E2-9C9F-73B8C9A4038D}.Debug|Any CPU.Build.0 = Debug|Any CPU
		{382E2417-3A34-44E2-9C9F-73B8C9A4038D}.Release|Any CPU.ActiveCfg = Release|Any CPU
		{382E2417-3A34-44E2-9C9F-73B8C9A4038D}.Release|Any CPU.Build.0 = Release|Any CPU
		{04491643-2260-42D3-B69A-6F09964DCFC4}.Debug|Any CPU.ActiveCfg = Debug|Any CPU
		{04491643-2260-42D3-B69A-6F09964DCFC4}.Debug|Any CPU.Build.0 = Debug|Any CPU
		{04491643-2260-42D3-B69A-6F09964DCFC4}.Release|Any CPU.ActiveCfg = Release|Any CPU
		{04491643-2260-42D3-B69A-6F09964DCFC4}.Release|Any CPU.Build.0 = Release|Any CPU
	EndGlobalSection
	GlobalSection(SolutionProperties) = preSolution
		HideSolutionNode = FALSE
	EndGlobalSection
	GlobalSection(NestedProjects) = preSolution
		{B73812DB-72F9-4CF7-8E2A-F5F2E9791C55} = {7895E7EA-D420-48BA-AE91-5C670B020A13}
		{A48BF117-072E-4CAE-8406-59AA7BE7828D} = {B718A395-32DE-40CD-8956-424CABB398DC}
		{6AFBBA8F-8B1A-41B0-A81F-9275F297A369} = {B718A395-32DE-40CD-8956-424CABB398DC}
		{382E2417-3A34-44E2-9C9F-73B8C9A4038D} = {B718A395-32DE-40CD-8956-424CABB398DC}
		{04491643-2260-42D3-B69A-6F09964DCFC4} = {B718A395-32DE-40CD-8956-424CABB398DC}
	EndGlobalSection
	GlobalSection(ExtensibilityGlobals) = postSolution
		SolutionGuid = {80384037-5148-4ADC-B9BF-3626DBD9A08C}
	EndGlobalSection
EndGlobal
